{
  "originHash" : "6beaa64b4192d86358bbde813ddf1d97d34844e749f80e57b7cbe25249e7bdb1",
  "pins" : [
    {
      "identity" : "colortokenskit-ios",
      "kind" : "remoteSourceControl",
      "location" : "https://github.com/metasidd/ColorTokensKit-iOS/",
      "state" : {
        "branch" : "sid/package-first-repo",
        "revision" : "dda4b271b2d4672b4e000a3c508441c0a2fcc534"
      }
    },
    {
      "identity" : "routing",
      "kind" : "remoteSourceControl",
      "location" : "https://github.com/obvios/Routing.git",
      "state" : {
        "branch" : "main",
        "revision" : "ef84e13ceb42335969944a7945f19119ba55f3ce"
      }
    }
  ],
  "version" : 3
}
