{
  "originHash" : "a44c1bdca3e2ba5515f9d1ea94f853403dcb82589b4cef7e4114b10b81b29432",
  "pins" : [
    {
      "identity" : "routing",
      "kind" : "remoteSourceControl",
      "location" : "https://github.com/obvios/Routing.git",
      "state" : {
        "branch" : "main",
        "revision" : "ef84e13ceb42335969944a7945f19119ba55f3ce"
      }
    }
  ],
  "version" : 3
}
